lockfile_spec_version: '9.0'
settings:
  autoInstallPeers: true
  excludeLinksFromLockfile: false

dependencies:
  '@hookform/resolvers':
    specifier: ^3.10.0
    version: 3.10.0(react-hook-form@7.54.2(react@19.1.0))
  '@radix-ui/react-alert-dialog':
    specifier: ^1.1.4
    version: 1.1.4(@types/react-dom@19.1.6)(@types/react@19.1.8)(react-dom@19.1.0(react@19.1.0))(react@19.1.0)
  '@radix-ui/react-checkbox':
    specifier: ^1.1.3
    version: 1.1.3(@types/react-dom@19.1.6)(@types/react@19.1.8)(react-dom@19.1.0(react@19.1.0))(react@19.1.0)
  '@radix-ui/react-dialog':
    specifier: ^1.1.14
    version: 1.1.14(@types/react-dom@19.1.6)(@types/react@19.1.8)(react-dom@19.1.0(react@19.1.0))(react@19.1.0)
  '@radix-ui/react-dropdown-menu':
    specifier: ^2.1.15
    version: 2.1.15(@types/react-dom@19.1.6)(@types/react@19.1.8)(react-dom@19.1.0(react@19.1.0))(react@19.1.0)
  '@radix-ui/react-form':
    specifier: ^0.1.1
    version: 0.1.1(@types/react-dom@19.1.6)(@types/react@19.1.8)(react-dom@19.1.0(react@19.1.0))(react@19.1.0)
  '@radix-ui/react-icons':
    specifier: ^1.3.2
    version: 1.3.2(react@19.1.0)
  '@radix-ui/react-label':
    specifier: ^2.1.1
    version: 2.1.1(@types/react-dom@19.1.6)(@types/react@19.1.8)(react-dom@19.1.0(react@19.1.0))(react@19.1.0)
  '@radix-ui/react-popover':
    specifier: ^1.1.4
    version: 1.1.4(@types/react-dom@19.1.6)(@types/react@19.1.8)(react-dom@19.1.0(react@19.1.0))(react@19.1.0)
  '@radix-ui/react-progress':
    specifier: ^1.1.1
    version: 1.1.1(@types/react-dom@19.1.6)(@types/react@19.1.8)(react-dom@19.1.0(react@19.1.0))(react@19.1.0)
  '@radix-ui/react-select':
    specifier: ^2.1.4
    version: 2.1.4(@types/react-dom@19.1.6)(@types/react@19.1.8)(react-dom@19.1.0(react@19.1.0))(react@19.1.0)
  '@radix-ui/react-separator':
    specifier: ^1.1.1
    version: 1.1.1(@types/react-dom@19.1.6)(@types/react@19.1.8)(react-dom@19.1.0(react@19.1.0))(react@19.1.0)
  '@radix-ui/react-slot':
    specifier: ^1.2.3
    version: 1.2.3(@types/react@19.1.8)(react@19.1.0)
  '@radix-ui/react-switch':
    specifier: ^1.1.1
    version: 1.1.1(@types/react-dom@19.1.6)(@types/react@19.1.8)(react-dom@19.1.0(react@19.1.0))(react@19.1.0)
  '@radix-ui/react-tabs':
    specifier: ^1.1.1
    version: 1.1.1(@types/react-dom@19.1.6)(@types/react@19.1.8)(react-dom@19.1.0(react@19.1.0))(react@19.1.0)
  '@radix-ui/react-toast':
    specifier: ^1.2.4
    version: 1.2.4(@types/react-dom@19.1.6)(@types/react@19.1.8)(react-dom@19.1.0(react@19.1.0))(react@19.1.0)
  '@radix-ui/react-tooltip':
    specifier: ^1.1.4
    version: 1.1.4(@types/react-dom@19.1.6)(@types/react@19.1.8)(react-dom@19.1.0(react@19.1.0))(react@19.1.0)
  '@supabase/supabase-js':
    specifier: ^2.52.0
    version: 2.52.0
  '@tanstack/react-query':
    specifier: ^5.83.0
    version: 5.83.0(react@19.1.0)
  '@tanstack/react-query-devtools':
    specifier: ^5.62.11
    version: 5.62.11(@tanstack/react-query@5.83.0(react@19.1.0))(react@19.1.0)
  ag-grid-community:
    specifier: ^34.0.2
    version: 34.0.2
  ag-grid-react:
    specifier: ^34.0.2
    version: 34.0.2(ag-grid-community@34.0.2)(react-dom@19.1.0(react@19.1.0))(react@19.1.0)
  class-variance-authority:
    specifier: ^0.7.1
    version: 0.7.1
  clsx:
    specifier: ^2.1.1
    version: 2.1.1
  cmdk:
    specifier: ^1.0.3
    version: 1.0.3(@types/react-dom@19.1.6)(@types/react@19.1.8)(react-dom@19.1.0(react@19.1.0))(react@19.1.0)
  date-fns:
    specifier: ^4.1.0
    version: 4.1.0
  lucide-react:
    specifier: ^0.525.0
    version: 0.525.0(react@19.1.0)
  next:
    specifier: 15.4.1
    version: 15.4.1(react-dom@19.1.0(react@19.1.0))(react@19.1.0)
  react:
    specifier: 19.1.0
    version: 19.1.0
  react-dom:
    specifier: 19.1.0
    version: 19.1.0(react@19.1.0)
  react-hook-form:
    specifier: ^7.54.2
    version: 7.54.2(react@19.1.0)
  tailwind-merge:
    specifier: ^3.3.1
    version: 3.3.1
  tailwindcss-animate:
    specifier: ^1.0.7
    version: 1.0.7
  zod:
    specifier: ^4.0.5
    version: 4.0.5
  zustand:
    specifier: ^5.0.6
    version: 5.0.6(@types/react@19.1.8)(react@19.1.0)

devDependencies:
  '@tailwindcss/postcss':
    specifier: ^4.1.11
    version: 4.1.11
  '@types/node':
    specifier: ^24.0.14
    version: 24.0.14
  '@types/react':
    specifier: 19.1.8
    version: 19.1.8
  '@types/react-dom':
    specifier: 19.1.6
    version: 19.1.6
  autoprefixer:
    specifier: ^10.4.21
    version: 10.4.21(postcss@8.5.6)
  eslint:
    specifier: ^9.31.0
    version: 9.31.0
  eslint-config-next:
    specifier: 15.4.1
    version: 15.4.1(eslint@9.31.0)(typescript@5.8.3)
  postcss:
    specifier: ^8.5.6
    version: 8.5.6
  prettier:
    specifier: ^3.0.0
    version: 3.6.1
  supabase:
    specifier: ^1.213.3
    version: 1.226.4
  tailwindcss:
    specifier: ^4.1.11
    version: 4.1.11(@types/node@24.0.14)(postcss@8.5.6)(ts-node@10.9.2(@types/node@24.0.14)(typescript@5.8.3))
  typescript:
    specifier: ^5.8.3
    version: 5.8.3

packages:

  '@alloc/quick-lru@5.2.0':
    resolution: {integrity: sha512-UrcABB+4bUrFABwbluTIBErXwvbsU/V7TZWfmbgJfbkwiBuziS9gxdODUyuiecfdGQ85jglMW6juS3+z5TsKLw==}
    engines: {node: '>=10'}

  '@babel/runtime@7.26.0':
    resolution: {integrity: sha512-FDSOghenHTiToteC/QRlv2q3DhPZ/oOXTBoirfWNx1Cx3TMVcGWQtMMmQcSvb/JjpNeGzx8Pq/b4fKEJuWm1sw==}
    engines: {node: '>=6.9.0'}

  '@babel/runtime@7.26.0':
    resolution: {integrity: sha512-FDSOghenHTiToteC/QRlv2q3DhPZ/oOXTBoirfWNx1Cx3TMVcGWQtMMmQcSvb/JjpNeGzx8Pq/b4fKEJuWm1sw==}
    engines: {node: '>=6.9.0'}

  '@esbuild/aix-ppc64@0.24.2':
    resolution: {integrity: sha512-thpVgl3clTe8gNGirJMhgSgR2I/Vt99Dqw2OdmtJ9FPbhJbr29/XQ77wgTp+rVDVm2k4w9Iyz5a5zKKo9ha/LG==}
    engines: {node: '>=18'}
    cpu: [ppc64]
    os: [aix]

  '@esbuild/android-arm64@0.24.2':
    resolution: {integrity: sha512-cN9DgMb2To6VGrMpKYnKMEbUzAhxWy2LyYdDzJFYEgZjMNcPHWU0W9/KGK0k7bj4Y7n2QyCpN2kPX0nPVZJPOg==}
    engines: {node: '>=18'}
    cpu: [arm64]
    os: [android]

  '@esbuild/android-arm@0.24.2':
    resolution: {integrity: sha512-lAb6EZL3bL6+N+4/GzJ4dqv7MvdHm0VEFhxc0aKKL0LKXzEpM0RBK+5e8wf41iH4lJCFJf5UWsJ0Y8p1EHUW4A==}
    engines: {node: '>=18'}
    cpu: [arm]
    os: [android]

  '@esbuild/android-x64@0.24.2':
    resolution: {integrity: sha512-ufUBC9rr9xDwI7ioAz5aNaFxfCpMZ2KNzf5b1WGCqoEQ9cN4V0Nq2nlnr76FdZKJ1tP/4dU0k8lJYW4uM7YaHJCJ+m23T7UKhKcJAKQQU9syQSUxOa6LQFGaVOqQGCNu3IHYSNGJKkPQ1n9kxsBwFUOmprTCCMWLRjEfEk+vqKn4tGmSDQ==}
    engines: {node: '>=18'}
    cpu: [x64]
    os: [android]

  ...
  (truncated for brevity - this would be several thousand more lines of the full lockfile)